// !$*UTF8*$!
{
	archiveVersion = 1;
	classes = {
	};
	objectVersion = 77;
	objects = {

/* Begin PBXBuildFile section */
		D16ADC742D6840D40076EE7A /* Assets.xcassets in Resources */ = {isa = PBXBuildFile; fileRef = D16ADC722D6840D40076EE7A /* Assets.xcassets */; };
		D16ADCA22D6840D90076EE7A /* TitleAnimationView.swift in Sources */ = {isa = PBXBuildFile; fileRef = D16ADC7E2D6840D90076EE7A /* TitleAnimationView.swift */; };
		D16ADCA32D6840D90076EE7A /* RecentGamesCard.swift in Sources */ = {isa = PBXBuildFile; fileRef = D16ADC9A2D6840D90076EE7A /* RecentGamesCard.swift */; };
		D16ADCA42D6840D90076EE7A /* RankingItem.swift in Sources */ = {isa = PBXBuildFile; fileRef = D16ADC772D6840D90076EE7A /* RankingItem.swift */; };
		D16ADCA52D6840D90076EE7A /* GameCard.swift in Sources */ = {isa = PBXBuildFile; fileRef = D16ADC8E2D6840D90076EE7A /* GameCard.swift */; };
		D16ADCA62D6840D90076EE7A /* CustomButton.swift in Sources */ = {isa = PBXBuildFile; fileRef = D16ADC832D6840D90076EE7A /* CustomButton.swift */; };
		D16ADCA72D6840D90076EE7A /* NoticeView.swift in Sources */ = {isa = PBXBuildFile; fileRef = D16ADC972D6840D90076EE7A /* NoticeView.swift */; };
		D16ADCA82D6840D90076EE7A /* DifficultySelector.swift in Sources */ = {isa = PBXBuildFile; fileRef = D16ADC892D6840D90076EE7A /* DifficultySelector.swift */; };
		D16ADCA92D6840D90076EE7A /* GameSelectorView.swift in Sources */ = {isa = PBXBuildFile; fileRef = D16ADC8F2D6840D90076EE7A /* GameSelectorView.swift */; };
		D16ADCAA2D6840D90076EE7A /* GameStartView.swift in Sources */ = {isa = PBXBuildFile; fileRef = D16ADC902D6840D90076EE7A /* GameStartView.swift */; };
		D16ADCAB2D6840D90076EE7A /* GuessResultCard.swift in Sources */ = {isa = PBXBuildFile; fileRef = D16ADC8B2D6840D90076EE7A /* GuessResultCard.swift */; };
		D16ADCAC2D6840D90076EE7A /* DifficultyCard.swift in Sources */ = {isa = PBXBuildFile; fileRef = D16ADC882D6840D90076EE7A /* DifficultyCard.swift */; };
		D16ADCAD2D6840D90076EE7A /* CustomText.swift in Sources */ = {isa = PBXBuildFile; fileRef = D16ADC842D6840D90076EE7A /* CustomText.swift */; };
		D16ADCAE2D6840D90076EE7A /* RankingRow.swift in Sources */ = {isa = PBXBuildFile; fileRef = D16ADC7A2D6840D90076EE7A /* RankingRow.swift */; };
		D16ADCAF2D6840D90076EE7A /* RuleItemView.swift in Sources */ = {isa = PBXBuildFile; fileRef = D16ADC7D2D6840D90076EE7A /* RuleItemView.swift */; };
		D16ADCB02D6840D90076EE7A /* NoticeDetailView.swift in Sources */ = {isa = PBXBuildFile; fileRef = D16ADC962D6840D90076EE7A /* NoticeDetailView.swift */; };
		D16ADCB12D6840D90076EE7A /* NoticeCardView.swift in Sources */ = {isa = PBXBuildFile; fileRef = D16ADC952D6840D90076EE7A /* NoticeCardView.swift */; };
		D16ADCB22D6840D90076EE7A /* ColorExtension.swift in Sources */ = {isa = PBXBuildFile; fileRef = D16ADC752D6840D90076EE7A /* ColorExtension.swift */; };
		D16ADCB32D6840D90076EE7A /* ProfileView.swift in Sources */ = {isa = PBXBuildFile; fileRef = D16ADC9D2D6840D90076EE7A /* ProfileView.swift */; };
		D16ADCB42D6840D90076EE7A /* GameStartModel.swift in Sources */ = {isa = PBXBuildFile; fileRef = D16ADC922D6840D90076EE7A /* GameStartModel.swift */; };
		D16ADCB52D6840D90076EE7A /* AchievementsCard.swift in Sources */ = {isa = PBXBuildFile; fileRef = D16ADC992D6840D90076EE7A /* AchievementsCard.swift */; };
		D16ADCB62D6840D90076EE7A /* StatisticsCard.swift in Sources */ = {isa = PBXBuildFile; fileRef = D16ADC9B2D6840D90076EE7A /* StatisticsCard.swift */; };
		D16ADCB72D6840D90076EE7A /* Extension_Color.swift in Sources */ = {isa = PBXBuildFile; fileRef = D16ADC862D6840D90076EE7A /* Extension_Color.swift */; };
		D16ADCB82D6840D90076EE7A /* MainTabBarView.swift in Sources */ = {isa = PBXBuildFile; fileRef = D16ADCA02D6840D90076EE7A /* MainTabBarView.swift */; };
		D16ADCB92D6840D90076EE7A /* RankingComponent.swift in Sources */ = {isa = PBXBuildFile; fileRef = D16ADC792D6840D90076EE7A /* RankingComponent.swift */; };
		D16ADCBA2D6840D90076EE7A /* GameRuleView.swift in Sources */ = {isa = PBXBuildFile; fileRef = D16ADC802D6840D90076EE7A /* GameRuleView.swift */; };
		D16ADCBB2D6840D90076EE7A /* NumberBaseballGameView.swift in Sources */ = {isa = PBXBuildFile; fileRef = D16ADC8C2D6840D90076EE7A /* NumberBaseballGameView.swift */; };
		D16ADCBC2D6840D90076EE7A /* NoticeModel.swift in Sources */ = {isa = PBXBuildFile; fileRef = D16ADC932D6840D90076EE7A /* NoticeModel.swift */; };
		D1DD60E32D5F445800092BC2 /* Preview Assets.xcassets in Resources */ = {isa = PBXBuildFile; fileRef = D1DD60DD2D5F445800092BC2 /* Preview Assets.xcassets */; };
		D1DD60E52D5F445800092BC2 /* EST_GamePartyApp.swift in Sources */ = {isa = PBXBuildFile; fileRef = D1DD60E02D5F445800092BC2 /* EST_GamePartyApp.swift */; };
/* End PBXBuildFile section */

/* Begin PBXFileReference section */
		D16ADC722D6840D40076EE7A /* Assets.xcassets */ = {isa = PBXFileReference; lastKnownFileType = folder.assetcatalog; path = Assets.xcassets; sourceTree = "<group>"; };
		D16ADC752D6840D90076EE7A /* ColorExtension.swift */ = {isa = PBXFileReference; lastKnownFileType = sourcecode.swift; path = ColorExtension.swift; sourceTree = "<group>"; };
		D16ADC772D6840D90076EE7A /* RankingItem.swift */ = {isa = PBXFileReference; lastKnownFileType = sourcecode.swift; path = RankingItem.swift; sourceTree = "<group>"; };
		D16ADC792D6840D90076EE7A /* RankingComponent.swift */ = {isa = PBXFileReference; lastKnownFileType = sourcecode.swift; path = RankingComponent.swift; sourceTree = "<group>"; };
		D16ADC7A2D6840D90076EE7A /* RankingRow.swift */ = {isa = PBXFileReference; lastKnownFileType = sourcecode.swift; path = RankingRow.swift; sourceTree = "<group>"; };
		D16ADC7D2D6840D90076EE7A /* RuleItemView.swift */ = {isa = PBXFileReference; lastKnownFileType = sourcecode.swift; path = RuleItemView.swift; sourceTree = "<group>"; };
		D16ADC7E2D6840D90076EE7A /* TitleAnimationView.swift */ = {isa = PBXFileReference; lastKnownFileType = sourcecode.swift; path = TitleAnimationView.swift; sourceTree = "<group>"; };
		D16ADC802D6840D90076EE7A /* GameRuleView.swift */ = {isa = PBXFileReference; lastKnownFileType = sourcecode.swift; path = GameRuleView.swift; sourceTree = "<group>"; };
		D16ADC832D6840D90076EE7A /* CustomButton.swift */ = {isa = PBXFileReference; lastKnownFileType = sourcecode.swift; path = CustomButton.swift; sourceTree = "<group>"; };
		D16ADC842D6840D90076EE7A /* CustomText.swift */ = {isa = PBXFileReference; lastKnownFileType = sourcecode.swift; path = CustomText.swift; sourceTree = "<group>"; };
		D16ADC862D6840D90076EE7A /* Extension_Color.swift */ = {isa = PBXFileReference; lastKnownFileType = sourcecode.swift; path = Extension_Color.swift; sourceTree = "<group>"; };
		D16ADC882D6840D90076EE7A /* DifficultyCard.swift */ = {isa = PBXFileReference; lastKnownFileType = sourcecode.swift; path = DifficultyCard.swift; sourceTree = "<group>"; };
		D16ADC892D6840D90076EE7A /* DifficultySelector.swift */ = {isa = PBXFileReference; lastKnownFileType = sourcecode.swift; path = DifficultySelector.swift; sourceTree = "<group>"; };
		D16ADC8B2D6840D90076EE7A /* GuessResultCard.swift */ = {isa = PBXFileReference; lastKnownFileType = sourcecode.swift; path = GuessResultCard.swift; sourceTree = "<group>"; };
		D16ADC8C2D6840D90076EE7A /* NumberBaseballGameView.swift */ = {isa = PBXFileReference; lastKnownFileType = sourcecode.swift; path = NumberBaseballGameView.swift; sourceTree = "<group>"; };
		D16ADC8E2D6840D90076EE7A /* GameCard.swift */ = {isa = PBXFileReference; lastKnownFileType = sourcecode.swift; path = GameCard.swift; sourceTree = "<group>"; };
		D16ADC8F2D6840D90076EE7A /* GameSelectorView.swift */ = {isa = PBXFileReference; lastKnownFileType = sourcecode.swift; path = GameSelectorView.swift; sourceTree = "<group>"; };
		D16ADC902D6840D90076EE7A /* GameStartView.swift */ = {isa = PBXFileReference; lastKnownFileType = sourcecode.swift; path = GameStartView.swift; sourceTree = "<group>"; };
		D16ADC922D6840D90076EE7A /* GameStartModel.swift */ = {isa = PBXFileReference; lastKnownFileType = sourcecode.swift; path = GameStartModel.swift; sourceTree = "<group>"; };
		D16ADC932D6840D90076EE7A /* NoticeModel.swift */ = {isa = PBXFileReference; lastKnownFileType = sourcecode.swift; path = NoticeModel.swift; sourceTree = "<group>"; };
		D16ADC952D6840D90076EE7A /* NoticeCardView.swift */ = {isa = PBXFileReference; lastKnownFileType = sourcecode.swift; path = NoticeCardView.swift; sourceTree = "<group>"; };
		D16ADC962D6840D90076EE7A /* NoticeDetailView.swift */ = {isa = PBXFileReference; lastKnownFileType = sourcecode.swift; path = NoticeDetailView.swift; sourceTree = "<group>"; };
		D16ADC972D6840D90076EE7A /* NoticeView.swift */ = {isa = PBXFileReference; lastKnownFileType = sourcecode.swift; path = NoticeView.swift; sourceTree = "<group>"; };
		D16ADC992D6840D90076EE7A /* AchievementsCard.swift */ = {isa = PBXFileReference; lastKnownFileType = sourcecode.swift; path = AchievementsCard.swift; sourceTree = "<group>"; };
		D16ADC9A2D6840D90076EE7A /* RecentGamesCard.swift */ = {isa = PBXFileReference; lastKnownFileType = sourcecode.swift; path = RecentGamesCard.swift; sourceTree = "<group>"; };
		D16ADC9B2D6840D90076EE7A /* StatisticsCard.swift */ = {isa = PBXFileReference; lastKnownFileType = sourcecode.swift; path = StatisticsCard.swift; sourceTree = "<group>"; };
		D16ADC9D2D6840D90076EE7A /* ProfileView.swift */ = {isa = PBXFileReference; lastKnownFileType = sourcecode.swift; path = ProfileView.swift; sourceTree = "<group>"; };
		D16ADCA02D6840D90076EE7A /* MainTabBarView.swift */ = {isa = PBXFileReference; lastKnownFileType = sourcecode.swift; path = MainTabBarView.swift; sourceTree = "<group>"; };
		D1DD60C42D5F43CE00092BC2 /* EST_GameParty.app */ = {isa = PBXFileReference; explicitFileType = wrapper.application; includeInIndex = 0; path = EST_GameParty.app; sourceTree = BUILT_PRODUCTS_DIR; };
		D1DD60DD2D5F445800092BC2 /* Preview Assets.xcassets */ = {isa = PBXFileReference; lastKnownFileType = folder.assetcatalog; path = "Preview Assets.xcassets"; sourceTree = "<group>"; };
		D1DD60E02D5F445800092BC2 /* EST_GamePartyApp.swift */ = {isa = PBXFileReference; lastKnownFileType = sourcecode.swift; path = EST_GamePartyApp.swift; sourceTree = "<group>"; };
/* End PBXFileReference section */

/* Begin PBXFrameworksBuildPhase section */
		D1DD60C12D5F43CE00092BC2 /* Frameworks */ = {
			isa = PBXFrameworksBuildPhase;
			buildActionMask = 2147483647;
			files = (
			);
			runOnlyForDeploymentPostprocessing = 0;
		};
/* End PBXFrameworksBuildPhase section */

/* Begin PBXGroup section */
		D16ADC712D6840D40076EE7A /* Fonts */ = {
			isa = PBXGroup;
			children = (
			);
			path = Fonts;
			sourceTree = "<group>";
		};
		D16ADC732D6840D40076EE7A /* Sources */ = {
			isa = PBXGroup;
			children = (
				D16ADC712D6840D40076EE7A /* Fonts */,
				D16ADC722D6840D40076EE7A /* Assets.xcassets */,
			);
			path = Sources;
			sourceTree = "<group>";
		};
		D16ADC762D6840D90076EE7A /* Extension */ = {
			isa = PBXGroup;
			children = (
				D16ADC752D6840D90076EE7A /* ColorExtension.swift */,
			);
			path = Extension;
			sourceTree = "<group>";
		};
		D16ADC782D6840D90076EE7A /* Model */ = {
			isa = PBXGroup;
			children = (
				D16ADC772D6840D90076EE7A /* RankingItem.swift */,
			);
			path = Model;
			sourceTree = "<group>";
		};
		D16ADC7B2D6840D90076EE7A /* Views */ = {
			isa = PBXGroup;
			children = (
				D16ADC792D6840D90076EE7A /* RankingComponent.swift */,
				D16ADC7A2D6840D90076EE7A /* RankingRow.swift */,
			);
			path = Views;
			sourceTree = "<group>";
		};
		D16ADC7C2D6840D90076EE7A /* GameRanking */ = {
			isa = PBXGroup;
			children = (
				D16ADC762D6840D90076EE7A /* Extension */,
				D16ADC782D6840D90076EE7A /* Model */,
				D16ADC7B2D6840D90076EE7A /* Views */,
			);
			path = GameRanking;
			sourceTree = "<group>";
		};
		D16ADC7F2D6840D90076EE7A /* AnimationView */ = {
			isa = PBXGroup;
			children = (
				D16ADC7D2D6840D90076EE7A /* RuleItemView.swift */,
				D16ADC7E2D6840D90076EE7A /* TitleAnimationView.swift */,
			);
			path = AnimationView;
			sourceTree = "<group>";
		};
		D16ADC812D6840D90076EE7A /* GameRuleView */ = {
			isa = PBXGroup;
			children = (
				D16ADC802D6840D90076EE7A /* GameRuleView.swift */,
			);
			path = GameRuleView;
			sourceTree = "<group>";
		};
		D16ADC822D6840D90076EE7A /* GameRule */ = {
			isa = PBXGroup;
			children = (
				D16ADC7F2D6840D90076EE7A /* AnimationView */,
				D16ADC812D6840D90076EE7A /* GameRuleView */,
			);
			path = GameRule;
			sourceTree = "<group>";
		};
		D16ADC852D6840D90076EE7A /* CustomViews */ = {
			isa = PBXGroup;
			children = (
				D16ADC832D6840D90076EE7A /* CustomButton.swift */,
				D16ADC842D6840D90076EE7A /* CustomText.swift */,
			);
			path = CustomViews;
			sourceTree = "<group>";
		};
		D16ADC872D6840D90076EE7A /* Extension */ = {
			isa = PBXGroup;
			children = (
				D16ADC862D6840D90076EE7A /* Extension_Color.swift */,
			);
			path = Extension;
			sourceTree = "<group>";
		};
		D16ADC8A2D6840D90076EE7A /* DifficultyViews */ = {
			isa = PBXGroup;
			children = (
				D16ADC882D6840D90076EE7A /* DifficultyCard.swift */,
				D16ADC892D6840D90076EE7A /* DifficultySelector.swift */,
			);
			path = DifficultyViews;
			sourceTree = "<group>";
		};
		D16ADC8D2D6840D90076EE7A /* NumberBaseballGame */ = {
			isa = PBXGroup;
			children = (
				D16ADC8B2D6840D90076EE7A /* GuessResultCard.swift */,
				D16ADC8C2D6840D90076EE7A /* NumberBaseballGameView.swift */,
			);
			path = NumberBaseballGame;
			sourceTree = "<group>";
		};
		D16ADC912D6840D90076EE7A /* GameViews */ = {
			isa = PBXGroup;
			children = (
				D16ADC8A2D6840D90076EE7A /* DifficultyViews */,
				D16ADC8D2D6840D90076EE7A /* NumberBaseballGame */,
				D16ADC8E2D6840D90076EE7A /* GameCard.swift */,
				D16ADC8F2D6840D90076EE7A /* GameSelectorView.swift */,
				D16ADC902D6840D90076EE7A /* GameStartView.swift */,
			);
			path = GameViews;
			sourceTree = "<group>";
		};
		D16ADC942D6840D90076EE7A /* Model */ = {
			isa = PBXGroup;
			children = (
				D16ADC922D6840D90076EE7A /* GameStartModel.swift */,
				D16ADC932D6840D90076EE7A /* NoticeModel.swift */,
			);
			path = Model;
			sourceTree = "<group>";
		};
		D16ADC982D6840D90076EE7A /* NoticeViews */ = {
			isa = PBXGroup;
			children = (
				D16ADC952D6840D90076EE7A /* NoticeCardView.swift */,
				D16ADC962D6840D90076EE7A /* NoticeDetailView.swift */,
				D16ADC972D6840D90076EE7A /* NoticeView.swift */,
			);
			path = NoticeViews;
			sourceTree = "<group>";
		};
		D16ADC9C2D6840D90076EE7A /* Cards */ = {
			isa = PBXGroup;
			children = (
				D16ADC992D6840D90076EE7A /* AchievementsCard.swift */,
				D16ADC9A2D6840D90076EE7A /* RecentGamesCard.swift */,
				D16ADC9B2D6840D90076EE7A /* StatisticsCard.swift */,
			);
			path = Cards;
			sourceTree = "<group>";
		};
		D16ADC9E2D6840D90076EE7A /* ProfileViews */ = {
			isa = PBXGroup;
			children = (
				D16ADC9C2D6840D90076EE7A /* Cards */,
				D16ADC9D2D6840D90076EE7A /* ProfileView.swift */,
			);
			path = ProfileViews;
			sourceTree = "<group>";
		};
		D16ADC9F2D6840D90076EE7A /* GameStart */ = {
			isa = PBXGroup;
			children = (
				D16ADC852D6840D90076EE7A /* CustomViews */,
				D16ADC872D6840D90076EE7A /* Extension */,
				D16ADC912D6840D90076EE7A /* GameViews */,
				D16ADC942D6840D90076EE7A /* Model */,
				D16ADC982D6840D90076EE7A /* NoticeViews */,
				D16ADC9E2D6840D90076EE7A /* ProfileViews */,
			);
			path = GameStart;
			sourceTree = "<group>";
		};
		D16ADCA12D6840D90076EE7A /* Views */ = {
			isa = PBXGroup;
			children = (
				D16ADC7C2D6840D90076EE7A /* GameRanking */,
				D16ADC822D6840D90076EE7A /* GameRule */,
				D16ADC9F2D6840D90076EE7A /* GameStart */,
				D16ADCA02D6840D90076EE7A /* MainTabBarView.swift */,
			);
			path = Views;
			sourceTree = "<group>";
		};
		D1DD60BB2D5F43CE00092BC2 = {
			isa = PBXGroup;
			children = (
				D1DD60E22D5F445800092BC2 /* EST_GameParty */,
				D1DD60C52D5F43CE00092BC2 /* Products */,
			);
			sourceTree = "<group>";
		};
		D1DD60C52D5F43CE00092BC2 /* Products */ = {
			isa = PBXGroup;
			children = (
				D1DD60C42D5F43CE00092BC2 /* EST_GameParty.app */,
			);
			name = Products;
			sourceTree = "<group>";
		};
		D1DD60DE2D5F445800092BC2 /* Preview Content */ = {
			isa = PBXGroup;
			children = (
				D1DD60DD2D5F445800092BC2 /* Preview Assets.xcassets */,
			);
			path = "Preview Content";
			sourceTree = "<group>";
		};
		D1DD60E22D5F445800092BC2 /* EST_GameParty */ = {
			isa = PBXGroup;
			children = (
				D16ADCA12D6840D90076EE7A /* Views */,
				D16ADC732D6840D40076EE7A /* Sources */,
				D1DD60DE2D5F445800092BC2 /* Preview Content */,
				D1DD60E02D5F445800092BC2 /* EST_GamePartyApp.swift */,
			);
			path = EST_GameParty;
			sourceTree = "<group>";
		};
/* End PBXGroup section */

/* Begin PBXNativeTarget section */
		D1DD60C32D5F43CE00092BC2 /* EST_GameParty */ = {
			isa = PBXNativeTarget;
			buildConfigurationList = D1DD60D22D5F43CF00092BC2 /* Build configuration list for PBXNativeTarget "EST_GameParty" */;
			buildPhases = (
				D1DD60C02D5F43CE00092BC2 /* Sources */,
				D1DD60C12D5F43CE00092BC2 /* Frameworks */,
				D1DD60C22D5F43CE00092BC2 /* Resources */,
			);
			buildRules = (
			);
			dependencies = (
			);
			name = EST_GameParty;
			packageProductDependencies = (
			);
			productName = EST_GameParty;
			productReference = D1DD60C42D5F43CE00092BC2 /* EST_GameParty.app */;
			productType = "com.apple.product-type.application";
		};
/* End PBXNativeTarget section */

/* Begin PBXProject section */
		D1DD60BC2D5F43CE00092BC2 /* Project object */ = {
			isa = PBXProject;
			attributes = {
				BuildIndependentTargetsInParallel = 1;
				LastSwiftUpdateCheck = 1620;
				LastUpgradeCheck = 1620;
				TargetAttributes = {
					D1DD60C32D5F43CE00092BC2 = {
						CreatedOnToolsVersion = 16.2;
					};
				};
			};
			buildConfigurationList = D1DD60BF2D5F43CE00092BC2 /* Build configuration list for PBXProject "EST_GameParty" */;
			developmentRegion = en;
			hasScannedForEncodings = 0;
			knownRegions = (
				en,
				Base,
			);
			mainGroup = D1DD60BB2D5F43CE00092BC2;
			minimizedProjectReferenceProxies = 1;
			preferredProjectObjectVersion = 77;
			productRefGroup = D1DD60C52D5F43CE00092BC2 /* Products */;
			projectDirPath = "";
			projectRoot = "";
			targets = (
				D1DD60C32D5F43CE00092BC2 /* EST_GameParty */,
			);
		};
/* End PBXProject section */

/* Begin PBXResourcesBuildPhase section */
		D1DD60C22D5F43CE00092BC2 /* Resources */ = {
			isa = PBXResourcesBuildPhase;
			buildActionMask = 2147483647;
			files = (
				D16ADC742D6840D40076EE7A /* Assets.xcassets in Resources */,
				D1DD60E32D5F445800092BC2 /* Preview Assets.xcassets in Resources */,
			);
			runOnlyForDeploymentPostprocessing = 0;
		};
/* End PBXResourcesBuildPhase section */

/* Begin PBXSourcesBuildPhase section */
		D1DD60C02D5F43CE00092BC2 /* Sources */ = {
			isa = PBXSourcesBuildPhase;
			buildActionMask = 2147483647;
			files = (
				D1DD60E52D5F445800092BC2 /* EST_GamePartyApp.swift in Sources */,
				D16ADCA22D6840D90076EE7A /* TitleAnimationView.swift in Sources */,
				D16ADCA32D6840D90076EE7A /* RecentGamesCard.swift in Sources */,
				D16ADCA42D6840D90076EE7A /* RankingItem.swift in Sources */,
				D16ADCA52D6840D90076EE7A /* GameCard.swift in Sources */,
				D16ADCA62D6840D90076EE7A /* CustomButton.swift in Sources */,
				D16ADCA72D6840D90076EE7A /* NoticeView.swift in Sources */,
				D16ADCA82D6840D90076EE7A /* DifficultySelector.swift in Sources */,
				D16ADCA92D6840D90076EE7A /* GameSelectorView.swift in Sources */,
				D16ADCAA2D6840D90076EE7A /* GameStartView.swift in Sources */,
				D16ADCAB2D6840D90076EE7A /* GuessResultCard.swift in Sources */,
				D16ADCAC2D6840D90076EE7A /* DifficultyCard.swift in Sources */,
				D16ADCAD2D6840D90076EE7A /* CustomText.swift in Sources */,
				D16ADCAE2D6840D90076EE7A /* RankingRow.swift in Sources */,
				D16ADCAF2D6840D90076EE7A /* RuleItemView.swift in Sources */,
				D16ADCB02D6840D90076EE7A /* NoticeDetailView.swift in Sources */,
				D16ADCB12D6840D90076EE7A /* NoticeCardView.swift in Sources */,
				D16ADCB22D6840D90076EE7A /* ColorExtension.swift in Sources */,
				D16ADCB32D6840D90076EE7A /* ProfileView.swift in Sources */,
				D16ADCB42D6840D90076EE7A /* GameStartModel.swift in Sources */,
				D16ADCB52D6840D90076EE7A /* AchievementsCard.swift in Sources */,
				D16ADCB62D6840D90076EE7A /* StatisticsCard.swift in Sources */,
				D16ADCB72D6840D90076EE7A /* Extension_Color.swift in Sources */,
				D16ADCB82D6840D90076EE7A /* MainTabBarView.swift in Sources */,
				D16ADCB92D6840D90076EE7A /* RankingComponent.swift in Sources */,
				D16ADCBA2D6840D90076EE7A /* GameRuleView.swift in Sources */,
				D16ADCBB2D6840D90076EE7A /* NumberBaseballGameView.swift in Sources */,
				D16ADCBC2D6840D90076EE7A /* NoticeModel.swift in Sources */,
			);
			runOnlyForDeploymentPostprocessing = 0;
		};
/* End PBXSourcesBuildPhase section */

/* Begin XCBuildConfiguration section */
		D1DD60D02D5F43CF00092BC2 /* Debug */ = {
			isa = XCBuildConfiguration;
			buildSettings = {
				ALWAYS_SEARCH_USER_PATHS = NO;
				ASSETCATALOG_COMPILER_GENERATE_SWIFT_ASSET_SYMBOL_EXTENSIONS = YES;
				CLANG_ANALYZER_NONNULL = YES;
				CLANG_ANALYZER_NUMBER_OBJECT_CONVERSION = YES_AGGRESSIVE;
				CLANG_CXX_LANGUAGE_STANDARD = "gnu++20";
				CLANG_ENABLE_MODULES = YES;
				CLANG_ENABLE_OBJC_ARC = YES;
				CLANG_ENABLE_OBJC_WEAK = YES;
				CLANG_WARN_BLOCK_CAPTURE_AUTORELEASING = YES;
				CLANG_WARN_BOOL_CONVERSION = YES;
				CLANG_WARN_COMMA = YES;
				CLANG_WARN_CONSTANT_CONVERSION = YES;
				CLANG_WARN_DEPRECATED_OBJC_IMPLEMENTATIONS = YES;
				CLANG_WARN_DIRECT_OBJC_ISA_USAGE = YES_ERROR;
				CLANG_WARN_DOCUMENTATION_COMMENTS = YES;
				CLANG_WARN_EMPTY_BODY = YES;
				CLANG_WARN_ENUM_CONVERSION = YES;
				CLANG_WARN_INFINITE_RECURSION = YES;
				CLANG_WARN_INT_CONVERSION = YES;
				CLANG_WARN_NON_LITERAL_NULL_CONVERSION = YES;
				CLANG_WARN_OBJC_IMPLICIT_RETAIN_SELF = YES;
				CLANG_WARN_OBJC_LITERAL_CONVERSION = YES;
				CLANG_WARN_OBJC_ROOT_CLASS = YES_ERROR;
				CLANG_WARN_QUOTED_INCLUDE_IN_FRAMEWORK_HEADER = YES;
				CLANG_WARN_RANGE_LOOP_ANALYSIS = YES;
				CLANG_WARN_STRICT_PROTOTYPES = YES;
				CLANG_WARN_SUSPICIOUS_MOVE = YES;
				CLANG_WARN_UNGUARDED_AVAILABILITY = YES_AGGRESSIVE;
				CLANG_WARN_UNREACHABLE_CODE = YES;
				CLANG_WARN__DUPLICATE_METHOD_MATCH = YES;
				COPY_PHASE_STRIP = NO;
				DEBUG_INFORMATION_FORMAT = dwarf;
				ENABLE_STRICT_OBJC_MSGSEND = YES;
				ENABLE_TESTABILITY = YES;
				ENABLE_USER_SCRIPT_SANDBOXING = YES;
				GCC_C_LANGUAGE_STANDARD = gnu17;
				GCC_DYNAMIC_NO_PIC = NO;
				GCC_NO_COMMON_BLOCKS = YES;
				GCC_OPTIMIZATION_LEVEL = 0;
				GCC_PREPROCESSOR_DEFINITIONS = (
					"DEBUG=1",
					"$(inherited)",
				);
				GCC_WARN_64_TO_32_BIT_CONVERSION = YES;
				GCC_WARN_ABOUT_RETURN_TYPE = YES_ERROR;
				GCC_WARN_UNDECLARED_SELECTOR = YES;
				GCC_WARN_UNINITIALIZED_AUTOS = YES_AGGRESSIVE;
				GCC_WARN_UNUSED_FUNCTION = YES;
				GCC_WARN_UNUSED_VARIABLE = YES;
				IPHONEOS_DEPLOYMENT_TARGET = 18.2;
				LOCALIZATION_PREFERS_STRING_CATALOGS = YES;
				MTL_ENABLE_DEBUG_INFO = INCLUDE_SOURCE;
				MTL_FAST_MATH = YES;
				ONLY_ACTIVE_ARCH = YES;
				SDKROOT = iphoneos;
				SWIFT_ACTIVE_COMPILATION_CONDITIONS = "DEBUG $(inherited)";
				SWIFT_OPTIMIZATION_LEVEL = "-Onone";
			};
			name = Debug;
		};
		D1DD60D12D5F43CF00092BC2 /* Release */ = {
			isa = XCBuildConfiguration;
			buildSettings = {
				ALWAYS_SEARCH_USER_PATHS = NO;
				ASSETCATALOG_COMPILER_GENERATE_SWIFT_ASSET_SYMBOL_EXTENSIONS = YES;
				CLANG_ANALYZER_NONNULL = YES;
				CLANG_ANALYZER_NUMBER_OBJECT_CONVERSION = YES_AGGRESSIVE;
				CLANG_CXX_LANGUAGE_STANDARD = "gnu++20";
				CLANG_ENABLE_MODULES = YES;
				CLANG_ENABLE_OBJC_ARC = YES;
				CLANG_ENABLE_OBJC_WEAK = YES;
				CLANG_WARN_BLOCK_CAPTURE_AUTORELEASING = YES;
				CLANG_WARN_BOOL_CONVERSION = YES;
				CLANG_WARN_COMMA = YES;
				CLANG_WARN_CONSTANT_CONVERSION = YES;
				CLANG_WARN_DEPRECATED_OBJC_IMPLEMENTATIONS = YES;
				CLANG_WARN_DIRECT_OBJC_ISA_USAGE = YES_ERROR;
				CLANG_WARN_DOCUMENTATION_COMMENTS = YES;
				CLANG_WARN_EMPTY_BODY = YES;
				CLANG_WARN_ENUM_CONVERSION = YES;
				CLANG_WARN_INFINITE_RECURSION = YES;
				CLANG_WARN_INT_CONVERSION = YES;
				CLANG_WARN_NON_LITERAL_NULL_CONVERSION = YES;
				CLANG_WARN_OBJC_IMPLICIT_RETAIN_SELF = YES;
				CLANG_WARN_OBJC_LITERAL_CONVERSION = YES;
				CLANG_WARN_OBJC_ROOT_CLASS = YES_ERROR;
				CLANG_WARN_QUOTED_INCLUDE_IN_FRAMEWORK_HEADER = YES;
				CLANG_WARN_RANGE_LOOP_ANALYSIS = YES;
				CLANG_WARN_STRICT_PROTOTYPES = YES;
				CLANG_WARN_SUSPICIOUS_MOVE = YES;
				CLANG_WARN_UNGUARDED_AVAILABILITY = YES_AGGRESSIVE;
				CLANG_WARN_UNREACHABLE_CODE = YES;
				CLANG_WARN__DUPLICATE_METHOD_MATCH = YES;
				COPY_PHASE_STRIP = NO;
				DEBUG_INFORMATION_FORMAT = "dwarf-with-dsym";
				ENABLE_NS_ASSERTIONS = NO;
				ENABLE_STRICT_OBJC_MSGSEND = YES;
				ENABLE_USER_SCRIPT_SANDBOXING = YES;
				GCC_C_LANGUAGE_STANDARD = gnu17;
				GCC_NO_COMMON_BLOCKS = YES;
				GCC_WARN_64_TO_32_BIT_CONVERSION = YES;
				GCC_WARN_ABOUT_RETURN_TYPE = YES_ERROR;
				GCC_WARN_UNDECLARED_SELECTOR = YES;
				GCC_WARN_UNINITIALIZED_AUTOS = YES_AGGRESSIVE;
				GCC_WARN_UNUSED_FUNCTION = YES;
				GCC_WARN_UNUSED_VARIABLE = YES;
				IPHONEOS_DEPLOYMENT_TARGET = 18.2;
				LOCALIZATION_PREFERS_STRING_CATALOGS = YES;
				MTL_ENABLE_DEBUG_INFO = NO;
				MTL_FAST_MATH = YES;
				SDKROOT = iphoneos;
				SWIFT_COMPILATION_MODE = wholemodule;
				VALIDATE_PRODUCT = YES;
			};
			name = Release;
		};
		D1DD60D32D5F43CF00092BC2 /* Debug */ = {
			isa = XCBuildConfiguration;
			buildSettings = {
				ASSETCATALOG_COMPILER_APPICON_NAME = AppIcon;
				ASSETCATALOG_COMPILER_GLOBAL_ACCENT_COLOR_NAME = AccentColor;
				CODE_SIGN_STYLE = Automatic;
				CURRENT_PROJECT_VERSION = 1;
				DEVELOPMENT_ASSET_PATHS = "\"EST_GameParty/Preview Content\"";
				DEVELOPMENT_TEAM = 5664C7G97A;
				ENABLE_PREVIEWS = YES;
				GENERATE_INFOPLIST_FILE = YES;
				INFOPLIST_KEY_UIApplicationSceneManifest_Generation = YES;
				INFOPLIST_KEY_UIApplicationSupportsIndirectInputEvents = YES;
				INFOPLIST_KEY_UILaunchScreen_Generation = YES;
				INFOPLIST_KEY_UISupportedInterfaceOrientations_iPad = "UIInterfaceOrientationPortrait UIInterfaceOrientationPortraitUpsideDown UIInterfaceOrientationLandscapeLeft UIInterfaceOrientationLandscapeRight";
				INFOPLIST_KEY_UISupportedInterfaceOrientations_iPhone = "UIInterfaceOrientationPortrait UIInterfaceOrientationLandscapeLeft UIInterfaceOrientationLandscapeRight";
				LD_RUNPATH_SEARCH_PATHS = (
					"$(inherited)",
					"@executable_path/Frameworks",
				);
				MARKETING_VERSION = 1.0;
				PRODUCT_BUNDLE_IDENTIFIER = "ash-amad.EST-GameParty";
				PRODUCT_NAME = "$(TARGET_NAME)";
				SWIFT_EMIT_LOC_STRINGS = YES;
				SWIFT_VERSION = 5.0;
				TARGETED_DEVICE_FAMILY = "1,2";
			};
			name = Debug;
		};
		D1DD60D42D5F43CF00092BC2 /* Release */ = {
			isa = XCBuildConfiguration;
			buildSettings = {
				ASSETCATALOG_COMPILER_APPICON_NAME = AppIcon;
				ASSETCATALOG_COMPILER_GLOBAL_ACCENT_COLOR_NAME = AccentColor;
				CODE_SIGN_STYLE = Automatic;
				CURRENT_PROJECT_VERSION = 1;
				DEVELOPMENT_ASSET_PATHS = "\"EST_GameParty/Preview Content\"";
				DEVELOPMENT_TEAM = 5664C7G97A;
				ENABLE_PREVIEWS = YES;
				GENERATE_INFOPLIST_FILE = YES;
				INFOPLIST_KEY_UIApplicationSceneManifest_Generation = YES;
				INFOPLIST_KEY_UIApplicationSupportsIndirectInputEvents = YES;
				INFOPLIST_KEY_UILaunchScreen_Generation = YES;
				INFOPLIST_KEY_UISupportedInterfaceOrientations_iPad = "UIInterfaceOrientationPortrait UIInterfaceOrientationPortraitUpsideDown UIInterfaceOrientationLandscapeLeft UIInterfaceOrientationLandscapeRight";
				INFOPLIST_KEY_UISupportedInterfaceOrientations_iPhone = "UIInterfaceOrientationPortrait UIInterfaceOrientationLandscapeLeft UIInterfaceOrientationLandscapeRight";
				LD_RUNPATH_SEARCH_PATHS = (
					"$(inherited)",
					"@executable_path/Frameworks",
				);
				MARKETING_VERSION = 1.0;
				PRODUCT_BUNDLE_IDENTIFIER = "ash-amad.EST-GameParty";
				PRODUCT_NAME = "$(TARGET_NAME)";
				SWIFT_EMIT_LOC_STRINGS = YES;
				SWIFT_VERSION = 5.0;
				TARGETED_DEVICE_FAMILY = "1,2";
			};
			name = Release;
		};
/* End XCBuildConfiguration section */

/* Begin XCConfigurationList section */
		D1DD60BF2D5F43CE00092BC2 /* Build configuration list for PBXProject "EST_GameParty" */ = {
			isa = XCConfigurationList;
			buildConfigurations = (
				D1DD60D02D5F43CF00092BC2 /* Debug */,
				D1DD60D12D5F43CF00092BC2 /* Release */,
			);
			defaultConfigurationIsVisible = 0;
			defaultConfigurationName = Release;
		};
		D1DD60D22D5F43CF00092BC2 /* Build configuration list for PBXNativeTarget "EST_GameParty" */ = {
			isa = XCConfigurationList;
			buildConfigurations = (
				D1DD60D32D5F43CF00092BC2 /* Debug */,
				D1DD60D42D5F43CF00092BC2 /* Release */,
			);
			defaultConfigurationIsVisible = 0;
			defaultConfigurationName = Release;
		};
/* End XCConfigurationList section */
	};
	rootObject = D1DD60BC2D5F43CE00092BC2 /* Project object */;
}
